
Microsoft Visual Studio Solution File, Format Version 12.00
# Visual Studio Version 17
VisualStudioVersion = 17.3.32922.545
MinimumVisualStudioVersion = 10.0.40219.1
Project("{2150E333-8FDC-42A3-9474-1A3956D46DE8}") = "Server", "Server", "{EB381E59-3CED-4D7B-A544-386B989FEEB8}"
EndProject
Project("{2150E333-8FDC-42A3-9474-1A3956D46DE8}") = "Migrators", "Migrators", "{646DE215-0F4C-4B3A-88A6-71E3DE9BA498}"
EndProject
Project("{9A19103F-16F7-4668-BE54-9A1E7A4F7556}") = "Host", "Host\Host.csproj", "{199A5B8D-02F4-46BB-8186-BF8DD6419042}"
EndProject
Project("{9A19103F-16F7-4668-BE54-9A1E7A4F7556}") = "Migrators.PostgreSQL", "Migrators.PostgreSQL\Migrators.PostgreSQL.csproj", "{6D499649-12AA-46FC-8071-6E4BC25319AF}"
EndProject
Project("{9A19103F-16F7-4668-BE54-9A1E7A4F7556}") = "Migrators.Sqlite", "Migrators.Sqlite\Migrators.Sqlite.csproj", "{EABCEAE1-ED5E-4AE0-A0A8-B5F66BCB5842}"
EndProject
Project("{9A19103F-16F7-4668-BE54-9A1E7A4F7556}") = "Domain", "Domain\Domain.csproj", "{95335745-5206-4937-84C6-6C36DF5FA65E}"
EndProject
Project("{9A19103F-16F7-4668-BE54-9A1E7A4F7556}") = "Application", "Application\Application.csproj", "{611FCCA3-F5C8-438E-A08F-FB37F227333B}"
EndProject
Project("{9A19103F-16F7-4668-BE54-9A1E7A4F7556}") = "Infrastructure", "Infrastructure\Infrastructure.csproj", "{368EF566-B440-4E87-86AB-395B86155978}"
EndProject
Project("{9A19103F-16F7-4668-BE54-9A1E7A4F7556}") = "Migrators.SQLServer", "Migrators.SQLServer\Migrators.SQLServer.csproj", "{DBB66D75-08BE-432B-B0DF-0640B78C9763}"
EndProject
Project("{2150E333-8FDC-42A3-9474-1A3956D46DE8}") = "Clients", "Clients", "{24C2855A-9FB3-4BCB-B279-4AFC1CDB77D2}"
EndProject
Project("{2150E333-8FDC-42A3-9474-1A3956D46DE8}") = "MAUI", "MAUI", "{0BDA139E-05E2-4E45-B4FA-3DC6BB45B838}"
EndProject
Project("{9A19103F-16F7-4668-BE54-9A1E7A4F7556}") = "Clients.MAUI", "Clients.MAUI\Clients.MAUI.csproj", "{2BB07371-96F2-43B1-9B35-819BA1C642F4}"
EndProject
Project("{9A19103F-16F7-4668-BE54-9A1E7A4F7556}") = "Clients.MAUI.Application", "Clients.MAUI.Application\Clients.MAUI.Application.csproj", "{05F25B0C-80A7-4935-8C2A-A918DB494352}"
EndProject
Project("{9A19103F-16F7-4668-BE54-9A1E7A4F7556}") = "Clients.MAUI.Domain", "Clients.MAUI.Domain\Clients.MAUI.Domain.csproj", "{450CD598-0606-4C15-8153-D3B07A49AC3E}"
EndProject
Project("{9A19103F-16F7-4668-BE54-9A1E7A4F7556}") = "Clients.MAUI.Migrator.Sqlite", "Clients.MAUI.Migrator.Sqlite\Clients.MAUI.Migrator.Sqlite.csproj", "{9014CEEB-946C-4A06-8B73-E50B46DF918F}"
EndProject
Project("{2150E333-8FDC-42A3-9474-1A3956D46DE8}") = "Tests", "Tests", "{D73F92B7-985D-4B32-AD31-F17763609802}"
EndProject
Project("{9A19103F-16F7-4668-BE54-9A1E7A4F7556}") = "Server.Tests.Host", "Server.Tests.Host\Server.Tests.Host.csproj", "{E3E55738-3E81-4E4D-AB2E-C95F418B65BE}"
EndProject
Project("{9A19103F-16F7-4668-BE54-9A1E7A4F7556}") = "Clients.MAUI.Infrastructure", "Clients.MAUI.Infrastructure\Clients.MAUI.Infrastructure.csproj", "{99D9035B-F054-48DB-8BB7-21CB8FEA26FC}"
EndProject
Project("{9A19103F-16F7-4668-BE54-9A1E7A4F7556}") = "SharedLibrary", "SharedLibrary\SharedLibrary.csproj", "{3438D2A1-3179-4E6C-9D87-14474883C6E2}"
EndProject
Project("{2150E333-8FDC-42A3-9474-1A3956D46DE8}") = "Solution Items", "Solution Items", "{61D1BC80-83E8-41D5-B540-789CB98B3561}"
	ProjectSection(SolutionItems) = preProject
		.editorconfig = .editorconfig
	EndProjectSection
EndProject
Global
	GlobalSection(SolutionConfigurationPlatforms) = preSolution
		Debug|Any CPU = Debug|Any CPU
		Release|Any CPU = Release|Any CPU
	EndGlobalSection
	GlobalSection(ProjectConfigurationPlatforms) = postSolution
		{199A5B8D-02F4-46BB-8186-BF8DD6419042}.Debug|Any CPU.ActiveCfg = Debug|Any CPU
		{199A5B8D-02F4-46BB-8186-BF8DD6419042}.Debug|Any CPU.Build.0 = Debug|Any CPU
		{199A5B8D-02F4-46BB-8186-BF8DD6419042}.Release|Any CPU.ActiveCfg = Release|Any CPU
		{199A5B8D-02F4-46BB-8186-BF8DD6419042}.Release|Any CPU.Build.0 = Release|Any CPU
		{6D499649-12AA-46FC-8071-6E4BC25319AF}.Debug|Any CPU.ActiveCfg = Debug|Any CPU
		{6D499649-12AA-46FC-8071-6E4BC25319AF}.Debug|Any CPU.Build.0 = Debug|Any CPU
		{6D499649-12AA-46FC-8071-6E4BC25319AF}.Release|Any CPU.ActiveCfg = Release|Any CPU
		{6D499649-12AA-46FC-8071-6E4BC25319AF}.Release|Any CPU.Build.0 = Release|Any CPU
		{EABCEAE1-ED5E-4AE0-A0A8-B5F66BCB5842}.Debug|Any CPU.ActiveCfg = Debug|Any CPU
		{EABCEAE1-ED5E-4AE0-A0A8-B5F66BCB5842}.Debug|Any CPU.Build.0 = Debug|Any CPU
		{EABCEAE1-ED5E-4AE0-A0A8-B5F66BCB5842}.Release|Any CPU.ActiveCfg = Release|Any CPU
		{EABCEAE1-ED5E-4AE0-A0A8-B5F66BCB5842}.Release|Any CPU.Build.0 = Release|Any CPU
		{95335745-5206-4937-84C6-6C36DF5FA65E}.Debug|Any CPU.ActiveCfg = Debug|Any CPU
		{95335745-5206-4937-84C6-6C36DF5FA65E}.Debug|Any CPU.Build.0 = Debug|Any CPU
		{95335745-5206-4937-84C6-6C36DF5FA65E}.Release|Any CPU.ActiveCfg = Release|Any CPU
		{95335745-5206-4937-84C6-6C36DF5FA65E}.Release|Any CPU.Build.0 = Release|Any CPU
		{611FCCA3-F5C8-438E-A08F-FB37F227333B}.Debug|Any CPU.ActiveCfg = Debug|Any CPU
		{611FCCA3-F5C8-438E-A08F-FB37F227333B}.Debug|Any CPU.Build.0 = Debug|Any CPU
		{611FCCA3-F5C8-438E-A08F-FB37F227333B}.Release|Any CPU.ActiveCfg = Release|Any CPU
		{611FCCA3-F5C8-438E-A08F-FB37F227333B}.Release|Any CPU.Build.0 = Release|Any CPU
		{368EF566-B440-4E87-86AB-395B86155978}.Debug|Any CPU.ActiveCfg = Debug|Any CPU
		{368EF566-B440-4E87-86AB-395B86155978}.Debug|Any CPU.Build.0 = Debug|Any CPU
		{368EF566-B440-4E87-86AB-395B86155978}.Release|Any CPU.ActiveCfg = Release|Any CPU
		{368EF566-B440-4E87-86AB-395B86155978}.Release|Any CPU.Build.0 = Release|Any CPU
		{DBB66D75-08BE-432B-B0DF-0640B78C9763}.Debug|Any CPU.ActiveCfg = Debug|Any CPU
		{DBB66D75-08BE-432B-B0DF-0640B78C9763}.Debug|Any CPU.Build.0 = Debug|Any CPU
		{DBB66D75-08BE-432B-B0DF-0640B78C9763}.Release|Any CPU.ActiveCfg = Release|Any CPU
		{DBB66D75-08BE-432B-B0DF-0640B78C9763}.Release|Any CPU.Build.0 = Release|Any CPU
		{2BB07371-96F2-43B1-9B35-819BA1C642F4}.Debug|Any CPU.ActiveCfg = Debug|Any CPU
		{2BB07371-96F2-43B1-9B35-819BA1C642F4}.Debug|Any CPU.Build.0 = Debug|Any CPU
		{2BB07371-96F2-43B1-9B35-819BA1C642F4}.Debug|Any CPU.Deploy.0 = Debug|Any CPU
		{2BB07371-96F2-43B1-9B35-819BA1C642F4}.Release|Any CPU.ActiveCfg = Release|Any CPU
		{2BB07371-96F2-43B1-9B35-819BA1C642F4}.Release|Any CPU.Build.0 = Release|Any CPU
		{2BB07371-96F2-43B1-9B35-819BA1C642F4}.Release|Any CPU.Deploy.0 = Release|Any CPU
		{05F25B0C-80A7-4935-8C2A-A918DB494352}.Debug|Any CPU.ActiveCfg = Debug|Any CPU
		{05F25B0C-80A7-4935-8C2A-A918DB494352}.Debug|Any CPU.Build.0 = Debug|Any CPU
		{05F25B0C-80A7-4935-8C2A-A918DB494352}.Release|Any CPU.ActiveCfg = Release|Any CPU
		{05F25B0C-80A7-4935-8C2A-A918DB494352}.Release|Any CPU.Build.0 = Release|Any CPU
		{450CD598-0606-4C15-8153-D3B07A49AC3E}.Debug|Any CPU.ActiveCfg = Debug|Any CPU
		{450CD598-0606-4C15-8153-D3B07A49AC3E}.Debug|Any CPU.Build.0 = Debug|Any CPU
		{450CD598-0606-4C15-8153-D3B07A49AC3E}.Release|Any CPU.ActiveCfg = Release|Any CPU
		{450CD598-0606-4C15-8153-D3B07A49AC3E}.Release|Any CPU.Build.0 = Release|Any CPU
		{9014CEEB-946C-4A06-8B73-E50B46DF918F}.Debug|Any CPU.ActiveCfg = Debug|Any CPU
		{9014CEEB-946C-4A06-8B73-E50B46DF918F}.Debug|Any CPU.Build.0 = Debug|Any CPU
		{9014CEEB-946C-4A06-8B73-E50B46DF918F}.Release|Any CPU.ActiveCfg = Release|Any CPU
		{9014CEEB-946C-4A06-8B73-E50B46DF918F}.Release|Any CPU.Build.0 = Release|Any CPU
		{E3E55738-3E81-4E4D-AB2E-C95F418B65BE}.Debug|Any CPU.ActiveCfg = Debug|Any CPU
		{E3E55738-3E81-4E4D-AB2E-C95F418B65BE}.Debug|Any CPU.Build.0 = Debug|Any CPU
		{E3E55738-3E81-4E4D-AB2E-C95F418B65BE}.Release|Any CPU.ActiveCfg = Release|Any CPU
		{E3E55738-3E81-4E4D-AB2E-C95F418B65BE}.Release|Any CPU.Build.0 = Release|Any CPU
		{99D9035B-F054-48DB-8BB7-21CB8FEA26FC}.Debug|Any CPU.ActiveCfg = Debug|Any CPU
		{99D9035B-F054-48DB-8BB7-21CB8FEA26FC}.Debug|Any CPU.Build.0 = Debug|Any CPU
		{99D9035B-F054-48DB-8BB7-21CB8FEA26FC}.Release|Any CPU.ActiveCfg = Release|Any CPU
		{99D9035B-F054-48DB-8BB7-21CB8FEA26FC}.Release|Any CPU.Build.0 = Release|Any CPU
		{3438D2A1-3179-4E6C-9D87-14474883C6E2}.Debug|Any CPU.ActiveCfg = Debug|Any CPU
		{3438D2A1-3179-4E6C-9D87-14474883C6E2}.Debug|Any CPU.Build.0 = Debug|Any CPU
		{3438D2A1-3179-4E6C-9D87-14474883C6E2}.Release|Any CPU.ActiveCfg = Release|Any CPU
		{3438D2A1-3179-4E6C-9D87-14474883C6E2}.Release|Any CPU.Build.0 = Release|Any CPU
	EndGlobalSection
	GlobalSection(SolutionProperties) = preSolution
		HideSolutionNode = FALSE
	EndGlobalSection
	GlobalSection(NestedProjects) = preSolution
		{646DE215-0F4C-4B3A-88A6-71E3DE9BA498} = {EB381E59-3CED-4D7B-A544-386B989FEEB8}
		{199A5B8D-02F4-46BB-8186-BF8DD6419042} = {EB381E59-3CED-4D7B-A544-386B989FEEB8}
		{6D499649-12AA-46FC-8071-6E4BC25319AF} = {646DE215-0F4C-4B3A-88A6-71E3DE9BA498}
		{EABCEAE1-ED5E-4AE0-A0A8-B5F66BCB5842} = {646DE215-0F4C-4B3A-88A6-71E3DE9BA498}
		{95335745-5206-4937-84C6-6C36DF5FA65E} = {EB381E59-3CED-4D7B-A544-386B989FEEB8}
		{611FCCA3-F5C8-438E-A08F-FB37F227333B} = {EB381E59-3CED-4D7B-A544-386B989FEEB8}
		{368EF566-B440-4E87-86AB-395B86155978} = {EB381E59-3CED-4D7B-A544-386B989FEEB8}
		{DBB66D75-08BE-432B-B0DF-0640B78C9763} = {646DE215-0F4C-4B3A-88A6-71E3DE9BA498}
		{0BDA139E-05E2-4E45-B4FA-3DC6BB45B838} = {24C2855A-9FB3-4BCB-B279-4AFC1CDB77D2}
		{2BB07371-96F2-43B1-9B35-819BA1C642F4} = {0BDA139E-05E2-4E45-B4FA-3DC6BB45B838}
		{05F25B0C-80A7-4935-8C2A-A918DB494352} = {0BDA139E-05E2-4E45-B4FA-3DC6BB45B838}
		{450CD598-0606-4C15-8153-D3B07A49AC3E} = {0BDA139E-05E2-4E45-B4FA-3DC6BB45B838}
		{9014CEEB-946C-4A06-8B73-E50B46DF918F} = {0BDA139E-05E2-4E45-B4FA-3DC6BB45B838}
		{D73F92B7-985D-4B32-AD31-F17763609802} = {EB381E59-3CED-4D7B-A544-386B989FEEB8}
		{E3E55738-3E81-4E4D-AB2E-C95F418B65BE} = {D73F92B7-985D-4B32-AD31-F17763609802}
		{99D9035B-F054-48DB-8BB7-21CB8FEA26FC} = {0BDA139E-05E2-4E45-B4FA-3DC6BB45B838}
	EndGlobalSection
	GlobalSection(ExtensibilityGlobals) = postSolution
		SolutionGuid = {8251CD26-BA2C-45CB-94BD-642E8E0BDBDE}
	EndGlobalSection
EndGlobal
